{
  "name": "my-next-project",
  "version": "0.1.0",
  "lockfileVersion": 1,
  "requires": true,
  "dependencies": {
    "@kokarn/react-zoom-pan-pinch": {
      "version": "2.1.5",
      "resolved": "https://mirror.chabokan.net/repository/npm-proxy/@kokarn/react-zoom-pan-pinch/-/react-zoom-pan-pinch-2.1.5.tgz",
      "integrity": "sha512-Tw9QU6YIn9PD9PGb2/VU3i2j90+m8JUm2ZSV/WAFHpTt2DFx4gMwWcAl1V0m0CCs10GgdyVa6hbPUsjFn0oj1w=="
    },
    "react-zoom-pan-pinch": {
      "version": "3.4.3",
      "resolved": "https://mirror.chabokan.net/repository/npm-proxy/react-zoom-pan-pinch/-/react-zoom-pan-pinch-3.4.3.tgz",
      "integrity": "sha512-x5MFlfAx2D6NTpZu8OISqc2nYn4p+YEaM1p21w7S/VE1wbVzK8vRzTo9Bj1ydufa649MuP7JBRM3vvj1RftFZw=="
    }
  }
}
